
Microsoft Visual Studio Solution File, Format Version 12.00
# Visual Studio Version 17
VisualStudioVersion = 17.2.32630.192
MinimumVisualStudioVersion = 10.0.40219.1
Project("{FAE04EC0-301F-11D3-BF4B-00C04F79EFBC}") = "NotePad", "NotePad\NotePad.csproj", "{202FA52E-D2E6-41AE-A289-2D8E0AA87C2E}"
EndProject
Global
	GlobalSection(SolutionConfigurationPlatforms) = preSolution
		Debug|ARM = Debug|ARM
		Debug|ARM64 = Debug|ARM64
		Debug|x64 = Debug|x64
		Debug|x86 = Debug|x86
		Release|ARM = Release|ARM
		Release|ARM64 = Release|ARM64
		Release|x64 = Release|x64
		Release|x86 = Release|x86
	EndGlobalSection
	GlobalSection(ProjectConfigurationPlatforms) = postSolution
		{202FA52E-D2E6-41AE-A289-2D8E0AA87C2E}.Debug|ARM.ActiveCfg = Debug|ARM
		{202FA52E-D2E6-41AE-A289-2D8E0AA87C2E}.Debug|ARM.Build.0 = Debug|ARM
		{202FA52E-D2E6-41AE-A289-2D8E0AA87C2E}.Debug|ARM.Deploy.0 = Debug|ARM
		{202FA52E-D2E6-41AE-A289-2D8E0AA87C2E}.Debug|ARM64.ActiveCfg = Debug|ARM64
		{202FA52E-D2E6-41AE-A289-2D8E0AA87C2E}.Debug|ARM64.Build.0 = Debug|ARM64
		{202FA52E-D2E6-41AE-A289-2D8E0AA87C2E}.Debug|ARM64.Deploy.0 = Debug|ARM64
		{202FA52E-D2E6-41AE-A289-2D8E0AA87C2E}.Debug|x64.ActiveCfg = Debug|x64
		{202FA52E-D2E6-41AE-A289-2D8E0AA87C2E}.Debug|x64.Build.0 = Debug|x64
		{202FA52E-D2E6-41AE-A289-2D8E0AA87C2E}.Debug|x64.Deploy.0 = Debug|x64
		{202FA52E-D2E6-41AE-A289-2D8E0AA87C2E}.Debug|x86.ActiveCfg = Debug|x86
		{202FA52E-D2E6-41AE-A289-2D8E0AA87C2E}.Debug|x86.Build.0 = Debug|x86
		{202FA52E-D2E6-41AE-A289-2D8E0AA87C2E}.Debug|x86.Deploy.0 = Debug|x86
		{202FA52E-D2E6-41AE-A289-2D8E0AA87C2E}.Release|ARM.ActiveCfg = Release|ARM
		{202FA52E-D2E6-41AE-A289-2D8E0AA87C2E}.Release|ARM.Build.0 = Release|ARM
		{202FA52E-D2E6-41AE-A289-2D8E0AA87C2E}.Release|ARM.Deploy.0 = Release|ARM
		{202FA52E-D2E6-41AE-A289-2D8E0AA87C2E}.Release|ARM64.ActiveCfg = Release|ARM64
		{202FA52E-D2E6-41AE-A289-2D8E0AA87C2E}.Release|ARM64.Build.0 = Release|ARM64
		{202FA52E-D2E6-41AE-A289-2D8E0AA87C2E}.Release|ARM64.Deploy.0 = Release|ARM64
		{202FA52E-D2E6-41AE-A289-2D8E0AA87C2E}.Release|x64.ActiveCfg = Release|x64
		{202FA52E-D2E6-41AE-A289-2D8E0AA87C2E}.Release|x64.Build.0 = Release|x64
		{202FA52E-D2E6-41AE-A289-2D8E0AA87C2E}.Release|x64.Deploy.0 = Release|x64
		{202FA52E-D2E6-41AE-A289-2D8E0AA87C2E}.Release|x86.ActiveCfg = Release|x86
		{202FA52E-D2E6-41AE-A289-2D8E0AA87C2E}.Release|x86.Build.0 = Release|x86
		{202FA52E-D2E6-41AE-A289-2D8E0AA87C2E}.Release|x86.Deploy.0 = Release|x86
	EndGlobalSection
	GlobalSection(SolutionProperties) = preSolution
		HideSolutionNode = FALSE
	EndGlobalSection
	GlobalSection(ExtensibilityGlobals) = postSolution
		SolutionGuid = {1D0581C9-B93B-4E0C-9A26-8C414C271A4A}
	EndGlobalSection
EndGlobal
